
Microsoft Visual Studio Solution File, Format Version 12.00
# Visual Studio Version 16
VisualStudioVersion = 16.0.30717.126
MinimumVisualStudioVersion = 15.0.26124.0
Project("{FAE04EC0-301F-11D3-BF4B-00C04F79EFBC}") = "Nyar.Server", "Nyar\Server\Nyar.Server.csproj", "{B1DC8066-E50D-4B07-B274-557FF741CAA1}"
EndProject
Project("{FAE04EC0-301F-11D3-BF4B-00C04F79EFBC}") = "Nyar.Client", "Nyar\Client\Nyar.Client.csproj", "{DE1DC958-BB1E-421A-B7B3-26C29F72443D}"
EndProject
Project("{FAE04EC0-301F-11D3-BF4B-00C04F79EFBC}") = "Nyar.Shared", "Nyar\Shared\Nyar.Shared.csproj", "{AB2D6BC8-23C9-4170-A3D4-880C0CA401AC}"
EndProject
Global
	GlobalSection(SolutionConfigurationPlatforms) = preSolution
		Debug|Any CPU = Debug|Any CPU
		Debug|x64 = Debug|x64
		Debug|x86 = Debug|x86
		Release|Any CPU = Release|Any CPU
		Release|x64 = Release|x64
		Release|x86 = Release|x86
	EndGlobalSection
	GlobalSection(ProjectConfigurationPlatforms) = postSolution
		{B1DC8066-E50D-4B07-B274-557FF741CAA1}.Debug|Any CPU.ActiveCfg = Debug|Any CPU
		{B1DC8066-E50D-4B07-B274-557FF741CAA1}.Debug|Any CPU.Build.0 = Debug|Any CPU
		{B1DC8066-E50D-4B07-B274-557FF741CAA1}.Debug|x64.ActiveCfg = Debug|Any CPU
		{B1DC8066-E50D-4B07-B274-557FF741CAA1}.Debug|x64.Build.0 = Debug|Any CPU
		{B1DC8066-E50D-4B07-B274-557FF741CAA1}.Debug|x86.ActiveCfg = Debug|Any CPU
		{B1DC8066-E50D-4B07-B274-557FF741CAA1}.Debug|x86.Build.0 = Debug|Any CPU
		{B1DC8066-E50D-4B07-B274-557FF741CAA1}.Release|Any CPU.ActiveCfg = Release|Any CPU
		{B1DC8066-E50D-4B07-B274-557FF741CAA1}.Release|Any CPU.Build.0 = Release|Any CPU
		{B1DC8066-E50D-4B07-B274-557FF741CAA1}.Release|x64.ActiveCfg = Release|Any CPU
		{B1DC8066-E50D-4B07-B274-557FF741CAA1}.Release|x64.Build.0 = Release|Any CPU
		{B1DC8066-E50D-4B07-B274-557FF741CAA1}.Release|x86.ActiveCfg = Release|Any CPU
		{B1DC8066-E50D-4B07-B274-557FF741CAA1}.Release|x86.Build.0 = Release|Any CPU
		{DE1DC958-BB1E-421A-B7B3-26C29F72443D}.Debug|Any CPU.ActiveCfg = Debug|Any CPU
		{DE1DC958-BB1E-421A-B7B3-26C29F72443D}.Debug|Any CPU.Build.0 = Debug|Any CPU
		{DE1DC958-BB1E-421A-B7B3-26C29F72443D}.Debug|x64.ActiveCfg = Debug|Any CPU
		{DE1DC958-BB1E-421A-B7B3-26C29F72443D}.Debug|x64.Build.0 = Debug|Any CPU
		{DE1DC958-BB1E-421A-B7B3-26C29F72443D}.Debug|x86.ActiveCfg = Debug|Any CPU
		{DE1DC958-BB1E-421A-B7B3-26C29F72443D}.Debug|x86.Build.0 = Debug|Any CPU
		{DE1DC958-BB1E-421A-B7B3-26C29F72443D}.Release|Any CPU.ActiveCfg = Release|Any CPU
		{DE1DC958-BB1E-421A-B7B3-26C29F72443D}.Release|Any CPU.Build.0 = Release|Any CPU
		{DE1DC958-BB1E-421A-B7B3-26C29F72443D}.Release|x64.ActiveCfg = Release|Any CPU
		{DE1DC958-BB1E-421A-B7B3-26C29F72443D}.Release|x64.Build.0 = Release|Any CPU
		{DE1DC958-BB1E-421A-B7B3-26C29F72443D}.Release|x86.ActiveCfg = Release|Any CPU
		{DE1DC958-BB1E-421A-B7B3-26C29F72443D}.Release|x86.Build.0 = Release|Any CPU
		{AB2D6BC8-23C9-4170-A3D4-880C0CA401AC}.Debug|Any CPU.ActiveCfg = Debug|Any CPU
		{AB2D6BC8-23C9-4170-A3D4-880C0CA401AC}.Debug|Any CPU.Build.0 = Debug|Any CPU
		{AB2D6BC8-23C9-4170-A3D4-880C0CA401AC}.Debug|x64.ActiveCfg = Debug|Any CPU
		{AB2D6BC8-23C9-4170-A3D4-880C0CA401AC}.Debug|x64.Build.0 = Debug|Any CPU
		{AB2D6BC8-23C9-4170-A3D4-880C0CA401AC}.Debug|x86.ActiveCfg = Debug|Any CPU
		{AB2D6BC8-23C9-4170-A3D4-880C0CA401AC}.Debug|x86.Build.0 = Debug|Any CPU
		{AB2D6BC8-23C9-4170-A3D4-880C0CA401AC}.Release|Any CPU.ActiveCfg = Release|Any CPU
		{AB2D6BC8-23C9-4170-A3D4-880C0CA401AC}.Release|Any CPU.Build.0 = Release|Any CPU
		{AB2D6BC8-23C9-4170-A3D4-880C0CA401AC}.Release|x64.ActiveCfg = Release|Any CPU
		{AB2D6BC8-23C9-4170-A3D4-880C0CA401AC}.Release|x64.Build.0 = Release|Any CPU
		{AB2D6BC8-23C9-4170-A3D4-880C0CA401AC}.Release|x86.ActiveCfg = Release|Any CPU
		{AB2D6BC8-23C9-4170-A3D4-880C0CA401AC}.Release|x86.Build.0 = Release|Any CPU
	EndGlobalSection
	GlobalSection(SolutionProperties) = preSolution
		HideSolutionNode = FALSE
	EndGlobalSection
	GlobalSection(ExtensibilityGlobals) = postSolution
		SolutionGuid = {D2666CE7-5664-4CDD-A6FF-21F595111A3D}
	EndGlobalSection
EndGlobal
